{
	"name": "@growcss/spinner",
	"version": "0.0.0",
	"lockfileVersion": 1,
	"requires": true,
	"dependencies": {
		"@popmotion/easing": {
			"version": "1.0.1",
			"resolved": "https://registry.npmjs.org/@popmotion/easing/-/easing-1.0.1.tgz",
			"integrity": "sha512-NbIEz9mZAem0F0sjg2v57LbU9Y2Xc50QEX434jYrwEQzXJuJipyUV48Qz4hjHqbB/8xiUj0JMQfRvP8K9nUbxg=="
		}
	}
}
